
Microsoft Visual Studio Solution File, Format Version 12.00
# Visual Studio Version 17
VisualStudioVersion = 17.4.33122.133
MinimumVisualStudioVersion = 10.0.40219.1
Project("{FAE04EC0-301F-11D3-BF4B-00C04F79EFBC}") = "Binned", "Binned\Binned.csproj", "{BCBDE553-952E-4680-89E0-9C6793929F2B}"
EndProject
Global
	GlobalSection(SolutionConfigurationPlatforms) = preSolution
		Debug|Any CPU = Debug|Any CPU
		Release|Any CPU = Release|Any CPU
	EndGlobalSection
	GlobalSection(ProjectConfigurationPlatforms) = postSolution
		{BCBDE553-952E-4680-89E0-9C6793929F2B}.Debug|Any CPU.ActiveCfg = Debug|Any CPU
		{BCBDE553-952E-4680-89E0-9C6793929F2B}.Debug|Any CPU.Build.0 = Debug|Any CPU
		{BCBDE553-952E-4680-89E0-9C6793929F2B}.Release|Any CPU.ActiveCfg = Release|Any CPU
		{BCBDE553-952E-4680-89E0-9C6793929F2B}.Release|Any CPU.Build.0 = Release|Any CPU
	EndGlobalSection
	GlobalSection(SolutionProperties) = preSolution
		HideSolutionNode = FALSE
	EndGlobalSection
	GlobalSection(ExtensibilityGlobals) = postSolution
		SolutionGuid = {CC4B7B10-3D73-41B4-883A-8A30B2E9DFA5}
	EndGlobalSection
EndGlobal
